
Microsoft Visual Studio Solution File, Format Version 11.00
# Visual C++ Express 2010
Project("{8BC9CEB8-8B4A-11D0-8D11-00A0C91BC942}") = "cpp-argparser", "cpp-argparser.vcxproj", "{4F2E6BE3-FE26-4AA1-B0DF-AE56D6049325}"
EndProject
Global
	GlobalSection(SolutionConfigurationPlatforms) = preSolution
		Debug|Win32 = Debug|Win32
		Release|Win32 = Release|Win32
	EndGlobalSection
	GlobalSection(ProjectConfigurationPlatforms) = postSolution
		{4F2E6BE3-FE26-4AA1-B0DF-AE56D6049325}.Debug|Win32.ActiveCfg = Debug|Win32
		{4F2E6BE3-FE26-4AA1-B0DF-AE56D6049325}.Debug|Win32.Build.0 = Debug|Win32
		{4F2E6BE3-FE26-4AA1-B0DF-AE56D6049325}.Release|Win32.ActiveCfg = Release|Win32
		{4F2E6BE3-FE26-4AA1-B0DF-AE56D6049325}.Release|Win32.Build.0 = Release|Win32
	EndGlobalSection
	GlobalSection(SolutionProperties) = preSolution
		HideSolutionNode = FALSE
	EndGlobalSection
EndGlobal
